{
    "name": "miniprogram",
    "version": "1.0.0",
    "lockfileVersion": 3,
    "requires": true,
    "packages": {
        "": {
            "name": "miniprogram",
            "version": "1.0.0",
            "dependencies": {
                "tdesign-miniprogram": "^1.11.2",
                "weui-miniprogram": "^1.5.6"
            }
        },
        "node_modules/tdesign-miniprogram": {
            "version": "1.11.2",
            "resolved": "https://registry.npmmirror.com/tdesign-miniprogram/-/tdesign-miniprogram-1.11.2.tgz",
            "integrity": "sha512-lXcry3vRa9jHzjpOdIxuIAh7F85kImym82VwLbCqr/TkMhycOsOepx+r1S9fum7u2nsWiYRTV+HuvDHN3KlIuA==",
            "license": "MIT"
        },
        "node_modules/weui-miniprogram": {
            "version": "1.5.6",
            "resolved": "https://registry.npmmirror.com/weui-miniprogram/-/weui-miniprogram-1.5.6.tgz",
            "integrity": "sha512-bGRHUdrQkFf6FzNT5UTapAMRdZQF0UP2uKu9ZR4MkPNwO3cWzlrkW8vBLxdS6k02O3VeNFATj/AsBCjHAsMBzA==",
            "license": "MIT"
        }
    }
}
